// !$*UTF8*$!
{
	archiveVersion = 1;
	classes = {
	};
	objectVersion = 48;
	objects = {

/* Begin PBXBuildFile section */
		DF8DAF05207ADB7000000591 /* EncryptedImage.swift in Sources */ = {isa = PBXBuildFile; fileRef = DF8DAF04207ADB7000000591 /* EncryptedImage.swift */; };
		DFA7B96920694941004E9CD7 /* AppDelegate.swift in Sources */ = {isa = PBXBuildFile; fileRef = DFA7B96820694941004E9CD7 /* AppDelegate.swift */; };
		DFA7B96B20694941004E9CD7 /* ViewController.swift in Sources */ = {isa = PBXBuildFile; fileRef = DFA7B96A20694941004E9CD7 /* ViewController.swift */; };
		DFA7B96E20694941004E9CD7 /* Main.storyboard in Resources */ = {isa = PBXBuildFile; fileRef = DFA7B96C20694941004E9CD7 /* Main.storyboard */; };
		DFA7B97020694942004E9CD7 /* Assets.xcassets in Resources */ = {isa = PBXBuildFile; fileRef = DFA7B96F20694942004E9CD7 /* Assets.xcassets */; };
		DFA7B97320694942004E9CD7 /* LaunchScreen.storyboard in Resources */ = {isa = PBXBuildFile; fileRef = DFA7B97120694942004E9CD7 /* LaunchScreen.storyboard */; };
		DFA7B97E20694942004E9CD7 /* PhotoEncryptorTests.swift in Sources */ = {isa = PBXBuildFile; fileRef = DFA7B97D20694942004E9CD7 /* PhotoEncryptorTests.swift */; };
/* End PBXBuildFile section */

/* Begin PBXContainerItemProxy section */
		DFA7B97A20694942004E9CD7 /* PBXContainerItemProxy */ = {
			isa = PBXContainerItemProxy;
			containerPortal = DFA7B95D20694940004E9CD7 /* Project object */;
			proxyType = 1;
			remoteGlobalIDString = DFA7B96420694940004E9CD7;
			remoteInfo = PhotoEncryptor;
		};
/* End PBXContainerItemProxy section */

/* Begin PBXFileReference section */
		DF8DAF04207ADB7000000591 /* EncryptedImage.swift */ = {isa = PBXFileReference; lastKnownFileType = sourcecode.swift; path = EncryptedImage.swift; sourceTree = "<group>"; };
		DFA7B96520694940004E9CD7 /* PhotoEncryptor.app */ = {isa = PBXFileReference; explicitFileType = wrapper.application; includeInIndex = 0; path = PhotoEncryptor.app; sourceTree = BUILT_PRODUCTS_DIR; };
		DFA7B96820694941004E9CD7 /* AppDelegate.swift */ = {isa = PBXFileReference; lastKnownFileType = sourcecode.swift; path = AppDelegate.swift; sourceTree = "<group>"; };
		DFA7B96A20694941004E9CD7 /* ViewController.swift */ = {isa = PBXFileReference; lastKnownFileType = sourcecode.swift; path = ViewController.swift; sourceTree = "<group>"; };
		DFA7B96D20694941004E9CD7 /* Base */ = {isa = PBXFileReference; lastKnownFileType = file.storyboard; name = Base; path = Base.lproj/Main.storyboard; sourceTree = "<group>"; };
		DFA7B96F20694942004E9CD7 /* Assets.xcassets */ = {isa = PBXFileReference; lastKnownFileType = folder.assetcatalog; path = Assets.xcassets; sourceTree = "<group>"; };
		DFA7B97220694942004E9CD7 /* Base */ = {isa = PBXFileReference; lastKnownFileType = file.storyboard; name = Base; path = Base.lproj/LaunchScreen.storyboard; sourceTree = "<group>"; };
		DFA7B97420694942004E9CD7 /* Info.plist */ = {isa = PBXFileReference; lastKnownFileType = text.plist.xml; path = Info.plist; sourceTree = "<group>"; };
		DFA7B97920694942004E9CD7 /* PhotoEncryptorTests.xctest */ = {isa = PBXFileReference; explicitFileType = wrapper.cfbundle; includeInIndex = 0; path = PhotoEncryptorTests.xctest; sourceTree = BUILT_PRODUCTS_DIR; };
		DFA7B97D20694942004E9CD7 /* PhotoEncryptorTests.swift */ = {isa = PBXFileReference; lastKnownFileType = sourcecode.swift; path = PhotoEncryptorTests.swift; sourceTree = "<group>"; };
		DFA7B97F20694942004E9CD7 /* Info.plist */ = {isa = PBXFileReference; lastKnownFileType = text.plist.xml; path = Info.plist; sourceTree = "<group>"; };
/* End PBXFileReference section */

/* Begin PBXFrameworksBuildPhase section */
		DFA7B96220694940004E9CD7 /* Frameworks */ = {
			isa = PBXFrameworksBuildPhase;
			buildActionMask = 2147483647;
			files = (
			);
			runOnlyForDeploymentPostprocessing = 0;
		};
		DFA7B97620694942004E9CD7 /* Frameworks */ = {
			isa = PBXFrameworksBuildPhase;
			buildActionMask = 2147483647;
			files = (
			);
			runOnlyForDeploymentPostprocessing = 0;
		};
/* End PBXFrameworksBuildPhase section */

/* Begin PBXGroup section */
		DFA7B95C20694940004E9CD7 = {
			isa = PBXGroup;
			children = (
				DFA7B96720694941004E9CD7 /* PhotoEncryptor */,
				DFA7B97C20694942004E9CD7 /* PhotoEncryptorTests */,
				DFA7B96620694940004E9CD7 /* Products */,
			);
			sourceTree = "<group>";
		};
		DFA7B96620694940004E9CD7 /* Products */ = {
			isa = PBXGroup;
			children = (
				DFA7B96520694940004E9CD7 /* PhotoEncryptor.app */,
				DFA7B97920694942004E9CD7 /* PhotoEncryptorTests.xctest */,
			);
			name = Products;
			sourceTree = "<group>";
		};
		DFA7B96720694941004E9CD7 /* PhotoEncryptor */ = {
			isa = PBXGroup;
			children = (
				DFA7B96820694941004E9CD7 /* AppDelegate.swift */,
				DFA7B96A20694941004E9CD7 /* ViewController.swift */,
				DFA7B96C20694941004E9CD7 /* Main.storyboard */,
				DFA7B96F20694942004E9CD7 /* Assets.xcassets */,
				DFA7B97120694942004E9CD7 /* LaunchScreen.storyboard */,
				DFA7B97420694942004E9CD7 /* Info.plist */,
				DF8DAF04207ADB7000000591 /* EncryptedImage.swift */,
			);
			path = PhotoEncryptor;
			sourceTree = "<group>";
		};
		DFA7B97C20694942004E9CD7 /* PhotoEncryptorTests */ = {
			isa = PBXGroup;
			children = (
				DFA7B97D20694942004E9CD7 /* PhotoEncryptorTests.swift */,
				DFA7B97F20694942004E9CD7 /* Info.plist */,
			);
			path = PhotoEncryptorTests;
			sourceTree = "<group>";
		};
/* End PBXGroup section */

/* Begin PBXNativeTarget section */
		DFA7B96420694940004E9CD7 /* PhotoEncryptor */ = {
			isa = PBXNativeTarget;
			buildConfigurationList = DFA7B98220694942004E9CD7 /* Build configuration list for PBXNativeTarget "PhotoEncryptor" */;
			buildPhases = (
				DFA7B96120694940004E9CD7 /* Sources */,
				DFA7B96220694940004E9CD7 /* Frameworks */,
				DFA7B96320694940004E9CD7 /* Resources */,
			);
			buildRules = (
			);
			dependencies = (
			);
			name = PhotoEncryptor;
			productName = PhotoEncryptor;
			productReference = DFA7B96520694940004E9CD7 /* PhotoEncryptor.app */;
			productType = "com.apple.product-type.application";
		};
		DFA7B97820694942004E9CD7 /* PhotoEncryptorTests */ = {
			isa = PBXNativeTarget;
			buildConfigurationList = DFA7B98520694942004E9CD7 /* Build configuration list for PBXNativeTarget "PhotoEncryptorTests" */;
			buildPhases = (
				DFA7B97520694942004E9CD7 /* Sources */,
				DFA7B97620694942004E9CD7 /* Frameworks */,
				DFA7B97720694942004E9CD7 /* Resources */,
			);
			buildRules = (
			);
			dependencies = (
				DFA7B97B20694942004E9CD7 /* PBXTargetDependency */,
			);
			name = PhotoEncryptorTests;
			productName = PhotoEncryptorTests;
			productReference = DFA7B97920694942004E9CD7 /* PhotoEncryptorTests.xctest */;
			productType = "com.apple.product-type.bundle.unit-test";
		};
/* End PBXNativeTarget section */

/* Begin PBXProject section */
		DFA7B95D20694940004E9CD7 /* Project object */ = {
			isa = PBXProject;
			attributes = {
				LastSwiftUpdateCheck = 0920;
				LastUpgradeCheck = 0920;
				ORGANIZATIONNAME = com.marist;
				TargetAttributes = {
					DFA7B96420694940004E9CD7 = {
						CreatedOnToolsVersion = 9.2;
						ProvisioningStyle = Automatic;
					};
					DFA7B97820694942004E9CD7 = {
						CreatedOnToolsVersion = 9.2;
						ProvisioningStyle = Automatic;
						TestTargetID = DFA7B96420694940004E9CD7;
					};
				};
			};
			buildConfigurationList = DFA7B96020694940004E9CD7 /* Build configuration list for PBXProject "PhotoEncryptor" */;
			compatibilityVersion = "Xcode 8.0";
			developmentRegion = en;
			hasScannedForEncodings = 0;
			knownRegions = (
				en,
				Base,
			);
			mainGroup = DFA7B95C20694940004E9CD7;
			productRefGroup = DFA7B96620694940004E9CD7 /* Products */;
			projectDirPath = "";
			projectRoot = "";
			targets = (
				DFA7B96420694940004E9CD7 /* PhotoEncryptor */,
				DFA7B97820694942004E9CD7 /* PhotoEncryptorTests */,
			);
		};
/* End PBXProject section */

/* Begin PBXResourcesBuildPhase section */
		DFA7B96320694940004E9CD7 /* Resources */ = {
			isa = PBXResourcesBuildPhase;
			buildActionMask = 2147483647;
			files = (
				DFA7B97320694942004E9CD7 /* LaunchScreen.storyboard in Resources */,
				DFA7B97020694942004E9CD7 /* Assets.xcassets in Resources */,
				DFA7B96E20694941004E9CD7 /* Main.storyboard in Resources */,
			);
			runOnlyForDeploymentPostprocessing = 0;
		};
		DFA7B97720694942004E9CD7 /* Resources */ = {
			isa = PBXResourcesBuildPhase;
			buildActionMask = 2147483647;
			files = (
			);
			runOnlyForDeploymentPostprocessing = 0;
		};
/* End PBXResourcesBuildPhase section */

/* Begin PBXSourcesBuildPhase section */
		DFA7B96120694940004E9CD7 /* Sources */ = {
			isa = PBXSourcesBuildPhase;
			buildActionMask = 2147483647;
			files = (
				DF8DAF05207ADB7000000591 /* EncryptedImage.swift in Sources */,
				DFA7B96B20694941004E9CD7 /* ViewController.swift in Sources */,
				DFA7B96920694941004E9CD7 /* AppDelegate.swift in Sources */,
			);
			runOnlyForDeploymentPostprocessing = 0;
		};
		DFA7B97520694942004E9CD7 /* Sources */ = {
			isa = PBXSourcesBuildPhase;
			buildActionMask = 2147483647;
			files = (
				DFA7B97E20694942004E9CD7 /* PhotoEncryptorTests.swift in Sources */,
			);
			runOnlyForDeploymentPostprocessing = 0;
		};
/* End PBXSourcesBuildPhase section */

/* Begin PBXTargetDependency section */
		DFA7B97B20694942004E9CD7 /* PBXTargetDependency */ = {
			isa = PBXTargetDependency;
			target = DFA7B96420694940004E9CD7 /* PhotoEncryptor */;
			targetProxy = DFA7B97A20694942004E9CD7 /* PBXContainerItemProxy */;
		};
/* End PBXTargetDependency section */

/* Begin PBXVariantGroup section */
		DFA7B96C20694941004E9CD7 /* Main.storyboard */ = {
			isa = PBXVariantGroup;
			children = (
				DFA7B96D20694941004E9CD7 /* Base */,
			);
			name = Main.storyboard;
			sourceTree = "<group>";
		};
		DFA7B97120694942004E9CD7 /* LaunchScreen.storyboard */ = {
			isa = PBXVariantGroup;
			children = (
				DFA7B97220694942004E9CD7 /* Base */,
			);
			name = LaunchScreen.storyboard;
			sourceTree = "<group>";
		};
/* End PBXVariantGroup section */

/* Begin XCBuildConfiguration section */
		DFA7B98020694942004E9CD7 /* Debug */ = {
			isa = XCBuildConfiguration;
			buildSettings = {
				ALWAYS_SEARCH_USER_PATHS = NO;
				CLANG_ANALYZER_NONNULL = YES;
				CLANG_ANALYZER_NUMBER_OBJECT_CONVERSION = YES_AGGRESSIVE;
				CLANG_CXX_LANGUAGE_STANDARD = "gnu++14";
				CLANG_CXX_LIBRARY = "libc++";
				CLANG_ENABLE_MODULES = YES;
				CLANG_ENABLE_OBJC_ARC = YES;
				CLANG_WARN_BLOCK_CAPTURE_AUTORELEASING = YES;
				CLANG_WARN_BOOL_CONVERSION = YES;
				CLANG_WARN_COMMA = YES;
				CLANG_WARN_CONSTANT_CONVERSION = YES;
				CLANG_WARN_DIRECT_OBJC_ISA_USAGE = YES_ERROR;
				CLANG_WARN_DOCUMENTATION_COMMENTS = YES;
				CLANG_WARN_EMPTY_BODY = YES;
				CLANG_WARN_ENUM_CONVERSION = YES;
				CLANG_WARN_INFINITE_RECURSION = YES;
				CLANG_WARN_INT_CONVERSION = YES;
				CLANG_WARN_NON_LITERAL_NULL_CONVERSION = YES;
				CLANG_WARN_OBJC_LITERAL_CONVERSION = YES;
				CLANG_WARN_OBJC_ROOT_CLASS = YES_ERROR;
				CLANG_WARN_RANGE_LOOP_ANALYSIS = YES;
				CLANG_WARN_STRICT_PROTOTYPES = YES;
				CLANG_WARN_SUSPICIOUS_MOVE = YES;
				CLANG_WARN_UNGUARDED_AVAILABILITY = YES_AGGRESSIVE;
				CLANG_WARN_UNREACHABLE_CODE = YES;
				CLANG_WARN__DUPLICATE_METHOD_MATCH = YES;
				CODE_SIGN_IDENTITY = "iPhone Developer";
				COPY_PHASE_STRIP = NO;
				DEBUG_INFORMATION_FORMAT = dwarf;
				ENABLE_STRICT_OBJC_MSGSEND = YES;
				ENABLE_TESTABILITY = YES;
				GCC_C_LANGUAGE_STANDARD = gnu11;
				GCC_DYNAMIC_NO_PIC = NO;
				GCC_NO_COMMON_BLOCKS = YES;
				GCC_OPTIMIZATION_LEVEL = 0;
				GCC_PREPROCESSOR_DEFINITIONS = (
					"DEBUG=1",
					"$(inherited)",
				);
				GCC_WARN_64_TO_32_BIT_CONVERSION = YES;
				GCC_WARN_ABOUT_RETURN_TYPE = YES_ERROR;
				GCC_WARN_UNDECLARED_SELECTOR = YES;
				GCC_WARN_UNINITIALIZED_AUTOS = YES_AGGRESSIVE;
				GCC_WARN_UNUSED_FUNCTION = YES;
				GCC_WARN_UNUSED_VARIABLE = YES;
				IPHONEOS_DEPLOYMENT_TARGET = 11.2;
				MTL_ENABLE_DEBUG_INFO = YES;
				ONLY_ACTIVE_ARCH = YES;
				SDKROOT = iphoneos;
				SWIFT_ACTIVE_COMPILATION_CONDITIONS = DEBUG;
				SWIFT_OPTIMIZATION_LEVEL = "-Onone";
			};
			name = Debug;
		};
		DFA7B98120694942004E9CD7 /* Release */ = {
			isa = XCBuildConfiguration;
			buildSettings = {
				ALWAYS_SEARCH_USER_PATHS = NO;
				CLANG_ANALYZER_NONNULL = YES;
				CLANG_ANALYZER_NUMBER_OBJECT_CONVERSION = YES_AGGRESSIVE;
				CLANG_CXX_LANGUAGE_STANDARD = "gnu++14";
				CLANG_CXX_LIBRARY = "libc++";
				CLANG_ENABLE_MODULES = YES;
				CLANG_ENABLE_OBJC_ARC = YES;
				CLANG_WARN_BLOCK_CAPTURE_AUTORELEASING = YES;
				CLANG_WARN_BOOL_CONVERSION = YES;
				CLANG_WARN_COMMA = YES;
				CLANG_WARN_CONSTANT_CONVERSION = YES;
				CLANG_WARN_DIRECT_OBJC_ISA_USAGE = YES_ERROR;
				CLANG_WARN_DOCUMENTATION_COMMENTS = YES;
				CLANG_WARN_EMPTY_BODY = YES;
				CLANG_WARN_ENUM_CONVERSION = YES;
				CLANG_WARN_INFINITE_RECURSION = YES;
				CLANG_WARN_INT_CONVERSION = YES;
				CLANG_WARN_NON_LITERAL_NULL_CONVERSION = YES;
				CLANG_WARN_OBJC_LITERAL_CONVERSION = YES;
				CLANG_WARN_OBJC_ROOT_CLASS = YES_ERROR;
				CLANG_WARN_RANGE_LOOP_ANALYSIS = YES;
				CLANG_WARN_STRICT_PROTOTYPES = YES;
				CLANG_WARN_SUSPICIOUS_MOVE = YES;
				CLANG_WARN_UNGUARDED_AVAILABILITY = YES_AGGRESSIVE;
				CLANG_WARN_UNREACHABLE_CODE = YES;
				CLANG_WARN__DUPLICATE_METHOD_MATCH = YES;
				CODE_SIGN_IDENTITY = "iPhone Developer";
				COPY_PHASE_STRIP = NO;
				DEBUG_INFORMATION_FORMAT = "dwarf-with-dsym";
				ENABLE_NS_ASSERTIONS = NO;
				ENABLE_STRICT_OBJC_MSGSEND = YES;
				GCC_C_LANGUAGE_STANDARD = gnu11;
				GCC_NO_COMMON_BLOCKS = YES;
				GCC_WARN_64_TO_32_BIT_CONVERSION = YES;
				GCC_WARN_ABOUT_RETURN_TYPE = YES_ERROR;
				GCC_WARN_UNDECLARED_SELECTOR = YES;
				GCC_WARN_UNINITIALIZED_AUTOS = YES_AGGRESSIVE;
				GCC_WARN_UNUSED_FUNCTION = YES;
				GCC_WARN_UNUSED_VARIABLE = YES;
				IPHONEOS_DEPLOYMENT_TARGET = 11.2;
				MTL_ENABLE_DEBUG_INFO = NO;
				SDKROOT = iphoneos;
				SWIFT_OPTIMIZATION_LEVEL = "-Owholemodule";
				VALIDATE_PRODUCT = YES;
			};
			name = Release;
		};
		DFA7B98320694942004E9CD7 /* Debug */ = {
			isa = XCBuildConfiguration;
			buildSettings = {
				ASSETCATALOG_COMPILER_APPICON_NAME = AppIcon;
				CODE_SIGN_STYLE = Automatic;
				INFOPLIST_FILE = PhotoEncryptor/Info.plist;
				LD_RUNPATH_SEARCH_PATHS = "$(inherited) @executable_path/Frameworks";
				PRODUCT_BUNDLE_IDENTIFIER = marcosbarbieri.com.PhotoEncryptor;
				PRODUCT_NAME = "$(TARGET_NAME)";
				SWIFT_VERSION = 4.0;
				TARGETED_DEVICE_FAMILY = "1,2";
			};
			name = Debug;
		};
		DFA7B98420694942004E9CD7 /* Release */ = {
			isa = XCBuildConfiguration;
			buildSettings = {
				ASSETCATALOG_COMPILER_APPICON_NAME = AppIcon;
				CODE_SIGN_STYLE = Automatic;
				INFOPLIST_FILE = PhotoEncryptor/Info.plist;
				LD_RUNPATH_SEARCH_PATHS = "$(inherited) @executable_path/Frameworks";
				PRODUCT_BUNDLE_IDENTIFIER = marcosbarbieri.com.PhotoEncryptor;
				PRODUCT_NAME = "$(TARGET_NAME)";
				SWIFT_VERSION = 4.0;
				TARGETED_DEVICE_FAMILY = "1,2";
			};
			name = Release;
		};
		DFA7B98620694942004E9CD7 /* Debug */ = {
			isa = XCBuildConfiguration;
			buildSettings = {
				ALWAYS_EMBED_SWIFT_STANDARD_LIBRARIES = YES;
				BUNDLE_LOADER = "$(TEST_HOST)";
				CODE_SIGN_STYLE = Automatic;
				INFOPLIST_FILE = PhotoEncryptorTests/Info.plist;
				LD_RUNPATH_SEARCH_PATHS = "$(inherited) @executable_path/Frameworks @loader_path/Frameworks";
				PRODUCT_BUNDLE_IDENTIFIER = marcosbarbieri.com.PhotoEncryptorTests;
				PRODUCT_NAME = "$(TARGET_NAME)";
				SWIFT_VERSION = 4.0;
				TARGETED_DEVICE_FAMILY = "1,2";
				TEST_HOST = "$(BUILT_PRODUCTS_DIR)/PhotoEncryptor.app/PhotoEncryptor";
			};
			name = Debug;
		};
		DFA7B98720694942004E9CD7 /* Release */ = {
			isa = XCBuildConfiguration;
			buildSettings = {
				ALWAYS_EMBED_SWIFT_STANDARD_LIBRARIES = YES;
				BUNDLE_LOADER = "$(TEST_HOST)";
				CODE_SIGN_STYLE = Automatic;
				INFOPLIST_FILE = PhotoEncryptorTests/Info.plist;
				LD_RUNPATH_SEARCH_PATHS = "$(inherited) @executable_path/Frameworks @loader_path/Frameworks";
				PRODUCT_BUNDLE_IDENTIFIER = marcosbarbieri.com.PhotoEncryptorTests;
				PRODUCT_NAME = "$(TARGET_NAME)";
				SWIFT_VERSION = 4.0;
				TARGETED_DEVICE_FAMILY = "1,2";
				TEST_HOST = "$(BUILT_PRODUCTS_DIR)/PhotoEncryptor.app/PhotoEncryptor";
			};
			name = Release;
		};
/* End XCBuildConfiguration section */

/* Begin XCConfigurationList section */
		DFA7B96020694940004E9CD7 /* Build configuration list for PBXProject "PhotoEncryptor" */ = {
			isa = XCConfigurationList;
			buildConfigurations = (
				DFA7B98020694942004E9CD7 /* Debug */,
				DFA7B98120694942004E9CD7 /* Release */,
			);
			defaultConfigurationIsVisible = 0;
			defaultConfigurationName = Release;
		};
		DFA7B98220694942004E9CD7 /* Build configuration list for PBXNativeTarget "PhotoEncryptor" */ = {
			isa = XCConfigurationList;
			buildConfigurations = (
				DFA7B98320694942004E9CD7 /* Debug */,
				DFA7B98420694942004E9CD7 /* Release */,
			);
			defaultConfigurationIsVisible = 0;
			defaultConfigurationName = Release;
		};
		DFA7B98520694942004E9CD7 /* Build configuration list for PBXNativeTarget "PhotoEncryptorTests" */ = {
			isa = XCConfigurationList;
			buildConfigurations = (
				DFA7B98620694942004E9CD7 /* Debug */,
				DFA7B98720694942004E9CD7 /* Release */,
			);
			defaultConfigurationIsVisible = 0;
			defaultConfigurationName = Release;
		};
/* End XCConfigurationList section */
	};
	rootObject = DFA7B95D20694940004E9CD7 /* Project object */;
}
